
Microsoft Visual Studio Solution File, Format Version 12.00
# Visual Studio Version 17
VisualStudioVersion = 17.0.31912.275
MinimumVisualStudioVersion = 10.0.40219.1
Project("{FAE04EC0-301F-11D3-BF4B-00C04F79EFBC}") = "MyDaemon", "MyDaemon.csproj", "{462090D6-8C0C-4017-B9F5-5AB703235CF2}"
EndProject
Global
	GlobalSection(SolutionConfigurationPlatforms) = preSolution
		Debug|Any CPU = Debug|Any CPU
		Release|Any CPU = Release|Any CPU
	EndGlobalSection
	GlobalSection(ProjectConfigurationPlatforms) = postSolution
		{462090D6-8C0C-4017-B9F5-5AB703235CF2}.Debug|Any CPU.ActiveCfg = Debug|Any CPU
		{462090D6-8C0C-4017-B9F5-5AB703235CF2}.Debug|Any CPU.Build.0 = Debug|Any CPU
		{462090D6-8C0C-4017-B9F5-5AB703235CF2}.Release|Any CPU.ActiveCfg = Release|Any CPU
		{462090D6-8C0C-4017-B9F5-5AB703235CF2}.Release|Any CPU.Build.0 = Release|Any CPU
	EndGlobalSection
	GlobalSection(SolutionProperties) = preSolution
		HideSolutionNode = FALSE
	EndGlobalSection
	GlobalSection(ExtensibilityGlobals) = postSolution
		SolutionGuid = {264305DF-AC0E-4B39-8E83-61DAC856FE30}
	EndGlobalSection
EndGlobal
