
Microsoft Visual Studio Solution File, Format Version 12.00
# Visual Studio Version 17
VisualStudioVersion = 17.0.31912.275
MinimumVisualStudioVersion = 10.0.40219.1
Project("{9A19103F-16F7-4668-BE54-9A1E7A4F7556}") = "apiapp", "apiapp\apiapp.csproj", "{19E10A00-5201-4BF2-ADE6-736F319D7406}"
EndProject
Project("{FAE04EC0-301F-11D3-BF4B-00C04F79EFBC}") = "webapp", "webapp\webapp.csproj", "{EAA05CB3-7DDF-4F9F-AE9E-864BF67F30B1}"
EndProject
Global
	GlobalSection(SolutionConfigurationPlatforms) = preSolution
		Debug|Any CPU = Debug|Any CPU
		Release|Any CPU = Release|Any CPU
	EndGlobalSection
	GlobalSection(ProjectConfigurationPlatforms) = postSolution
		{19E10A00-5201-4BF2-ADE6-736F319D7406}.Debug|Any CPU.ActiveCfg = Debug|Any CPU
		{19E10A00-5201-4BF2-ADE6-736F319D7406}.Debug|Any CPU.Build.0 = Debug|Any CPU
		{19E10A00-5201-4BF2-ADE6-736F319D7406}.Release|Any CPU.ActiveCfg = Release|Any CPU
		{19E10A00-5201-4BF2-ADE6-736F319D7406}.Release|Any CPU.Build.0 = Release|Any CPU
		{EAA05CB3-7DDF-4F9F-AE9E-864BF67F30B1}.Debug|Any CPU.ActiveCfg = Debug|Any CPU
		{EAA05CB3-7DDF-4F9F-AE9E-864BF67F30B1}.Debug|Any CPU.Build.0 = Debug|Any CPU
		{EAA05CB3-7DDF-4F9F-AE9E-864BF67F30B1}.Release|Any CPU.ActiveCfg = Release|Any CPU
		{EAA05CB3-7DDF-4F9F-AE9E-864BF67F30B1}.Release|Any CPU.Build.0 = Release|Any CPU
	EndGlobalSection
	GlobalSection(SolutionProperties) = preSolution
		HideSolutionNode = FALSE
	EndGlobalSection
	GlobalSection(ExtensibilityGlobals) = postSolution
		SolutionGuid = {E975A3CD-850D-46DC-8CAE-A198B8EB9DF4}
	EndGlobalSection
EndGlobal
